
Microsoft Visual Studio Solution File, Format Version 12.00
# Visual Studio Version 17
VisualStudioVersion = 17.7.34024.191
MinimumVisualStudioVersion = 10.0.40219.1
Project("{6EC3EE1D-3C4E-46DD-8F32-0CC8E7565705}") = "FSharpSql.Giraffe.Api", "FSharpSql.Giraffe.Api\FSharpSql.Giraffe.Api.fsproj", "{F318FD41-C902-4E85-9F83-F2F05D6DAD20}"
EndProject
Project("{6EC3EE1D-3C4E-46DD-8F32-0CC8E7565705}") = "FSharpSql.Services", "FSharpSql.Services\FSharpSql.Services.fsproj", "{416864B4-BD86-4645-9620-CBF034E039C6}"
EndProject
Project("{9A19103F-16F7-4668-BE54-9A1E7A4F7556}") = "CSharp.WebAPI", "CSharp.WebAPI\CSharp.WebAPI.csproj", "{A0076ACA-10A3-4B78-91C5-D93134DF5025}"
EndProject
Project("{6EC3EE1D-3C4E-46DD-8F32-0CC8E7565705}") = "FSharpSql.TypedQueries", "FSharpSql.TypedQueries\FSharpSql.TypedQueries.fsproj", "{5EA990E5-8899-4614-A0B7-520C9416AF7B}"
EndProject
Project("{6EC3EE1D-3C4E-46DD-8F32-0CC8E7565705}") = "FSharpSql.TypedQueries.Dtos", "FSharpSql.TypedQueries.Dtos\FSharpSql.TypedQueries.Dtos.fsproj", "{5B860B99-096E-448C-9D7D-6FE6370C516E}"
EndProject
Global
	GlobalSection(SolutionConfigurationPlatforms) = preSolution
		Debug|Any CPU = Debug|Any CPU
		Release|Any CPU = Release|Any CPU
	EndGlobalSection
	GlobalSection(ProjectConfigurationPlatforms) = postSolution
		{F318FD41-C902-4E85-9F83-F2F05D6DAD20}.Debug|Any CPU.ActiveCfg = Debug|Any CPU
		{F318FD41-C902-4E85-9F83-F2F05D6DAD20}.Debug|Any CPU.Build.0 = Debug|Any CPU
		{F318FD41-C902-4E85-9F83-F2F05D6DAD20}.Release|Any CPU.ActiveCfg = Release|Any CPU
		{F318FD41-C902-4E85-9F83-F2F05D6DAD20}.Release|Any CPU.Build.0 = Release|Any CPU
		{416864B4-BD86-4645-9620-CBF034E039C6}.Debug|Any CPU.ActiveCfg = Debug|Any CPU
		{416864B4-BD86-4645-9620-CBF034E039C6}.Debug|Any CPU.Build.0 = Debug|Any CPU
		{416864B4-BD86-4645-9620-CBF034E039C6}.Release|Any CPU.ActiveCfg = Release|Any CPU
		{416864B4-BD86-4645-9620-CBF034E039C6}.Release|Any CPU.Build.0 = Release|Any CPU
		{A0076ACA-10A3-4B78-91C5-D93134DF5025}.Debug|Any CPU.ActiveCfg = Debug|Any CPU
		{A0076ACA-10A3-4B78-91C5-D93134DF5025}.Debug|Any CPU.Build.0 = Debug|Any CPU
		{A0076ACA-10A3-4B78-91C5-D93134DF5025}.Release|Any CPU.ActiveCfg = Release|Any CPU
		{A0076ACA-10A3-4B78-91C5-D93134DF5025}.Release|Any CPU.Build.0 = Release|Any CPU
		{5EA990E5-8899-4614-A0B7-520C9416AF7B}.Debug|Any CPU.ActiveCfg = Debug|Any CPU
		{5EA990E5-8899-4614-A0B7-520C9416AF7B}.Debug|Any CPU.Build.0 = Debug|Any CPU
		{5EA990E5-8899-4614-A0B7-520C9416AF7B}.Release|Any CPU.ActiveCfg = Release|Any CPU
		{5EA990E5-8899-4614-A0B7-520C9416AF7B}.Release|Any CPU.Build.0 = Release|Any CPU
		{5B860B99-096E-448C-9D7D-6FE6370C516E}.Debug|Any CPU.ActiveCfg = Debug|Any CPU
		{5B860B99-096E-448C-9D7D-6FE6370C516E}.Debug|Any CPU.Build.0 = Debug|Any CPU
		{5B860B99-096E-448C-9D7D-6FE6370C516E}.Release|Any CPU.ActiveCfg = Release|Any CPU
		{5B860B99-096E-448C-9D7D-6FE6370C516E}.Release|Any CPU.Build.0 = Release|Any CPU
	EndGlobalSection
	GlobalSection(SolutionProperties) = preSolution
		HideSolutionNode = FALSE
	EndGlobalSection
	GlobalSection(ExtensibilityGlobals) = postSolution
		SolutionGuid = {2FC6F0BA-3AB8-498C-A3E7-7786A7A20A00}
	EndGlobalSection
EndGlobal
